// !$*UTF8*$!
{
	archiveVersion = 1;
	classes = {
	};
	objectVersion = 56;
	objects = {

/* Begin PBXBuildFile section */
		0436517729C89DA3008B57C6 /* ChecklistsApp.swift in Sources */ = {isa = PBXBuildFile; fileRef = 0436517629C89DA3008B57C6 /* ChecklistsApp.swift */; };
		0436517929C89DA3008B57C6 /* CheckListView.swift in Sources */ = {isa = PBXBuildFile; fileRef = 0436517829C89DA3008B57C6 /* CheckListView.swift */; };
		0436517B29C89DA6008B57C6 /* Assets.xcassets in Resources */ = {isa = PBXBuildFile; fileRef = 0436517A29C89DA5008B57C6 /* Assets.xcassets */; };
		0436517E29C89DA6008B57C6 /* Preview Assets.xcassets in Resources */ = {isa = PBXBuildFile; fileRef = 0436517D29C89DA6008B57C6 /* Preview Assets.xcassets */; };
		0436518829C89DA6008B57C6 /* ChecklistsTests.swift in Sources */ = {isa = PBXBuildFile; fileRef = 0436518729C89DA6008B57C6 /* ChecklistsTests.swift */; };
		0436519229C89DA6008B57C6 /* ChecklistsUITests.swift in Sources */ = {isa = PBXBuildFile; fileRef = 0436519129C89DA6008B57C6 /* ChecklistsUITests.swift */; };
		0436519429C89DA6008B57C6 /* ChecklistsUITestsLaunchTests.swift in Sources */ = {isa = PBXBuildFile; fileRef = 0436519329C89DA6008B57C6 /* ChecklistsUITestsLaunchTests.swift */; };
		0474B17A29CC98E3006B8E1F /* RowView.swift in Sources */ = {isa = PBXBuildFile; fileRef = 0474B17929CC98E3006B8E1F /* RowView.swift */; };
		0474B17C29CC9ABC006B8E1F /* EditChecklistItemView.swift in Sources */ = {isa = PBXBuildFile; fileRef = 0474B17B29CC9ABC006B8E1F /* EditChecklistItemView.swift */; };
		04C49DA529CB38A20042E04B /* Checklist.swift in Sources */ = {isa = PBXBuildFile; fileRef = 04C49DA429CB38A20042E04B /* Checklist.swift */; };
		04C49DA729CB39C90042E04B /* ChecklistItem.swift in Sources */ = {isa = PBXBuildFile; fileRef = 04C49DA629CB39C90042E04B /* ChecklistItem.swift */; };
		04C49DAA29CB4B860042E04B /* SplashView.swift in Sources */ = {isa = PBXBuildFile; fileRef = 04C49DA929CB4B860042E04B /* SplashView.swift */; };
		119C7ED029CC4C9200CF00F0 /* NewChecklistItemView.swift in Sources */ = {isa = PBXBuildFile; fileRef = 119C7ECF29CC4C9200CF00F0 /* NewChecklistItemView.swift */; };
/* End PBXBuildFile section */

/* Begin PBXContainerItemProxy section */
		0436518429C89DA6008B57C6 /* PBXContainerItemProxy */ = {
			isa = PBXContainerItemProxy;
			containerPortal = 0436516B29C89DA3008B57C6 /* Project object */;
			proxyType = 1;
			remoteGlobalIDString = 0436517229C89DA3008B57C6;
			remoteInfo = Checklists;
		};
		0436518E29C89DA6008B57C6 /* PBXContainerItemProxy */ = {
			isa = PBXContainerItemProxy;
			containerPortal = 0436516B29C89DA3008B57C6 /* Project object */;
			proxyType = 1;
			remoteGlobalIDString = 0436517229C89DA3008B57C6;
			remoteInfo = Checklists;
		};
/* End PBXContainerItemProxy section */

/* Begin PBXFileReference section */
		0436517329C89DA3008B57C6 /* Checklists.app */ = {isa = PBXFileReference; explicitFileType = wrapper.application; includeInIndex = 0; path = Checklists.app; sourceTree = BUILT_PRODUCTS_DIR; };
		0436517629C89DA3008B57C6 /* ChecklistsApp.swift */ = {isa = PBXFileReference; lastKnownFileType = sourcecode.swift; path = ChecklistsApp.swift; sourceTree = "<group>"; };
		0436517829C89DA3008B57C6 /* CheckListView.swift */ = {isa = PBXFileReference; lastKnownFileType = sourcecode.swift; path = CheckListView.swift; sourceTree = "<group>"; };
		0436517A29C89DA5008B57C6 /* Assets.xcassets */ = {isa = PBXFileReference; lastKnownFileType = folder.assetcatalog; path = Assets.xcassets; sourceTree = "<group>"; };
		0436517D29C89DA6008B57C6 /* Preview Assets.xcassets */ = {isa = PBXFileReference; lastKnownFileType = folder.assetcatalog; path = "Preview Assets.xcassets"; sourceTree = "<group>"; };
		0436518329C89DA6008B57C6 /* ChecklistsTests.xctest */ = {isa = PBXFileReference; explicitFileType = wrapper.cfbundle; includeInIndex = 0; path = ChecklistsTests.xctest; sourceTree = BUILT_PRODUCTS_DIR; };
		0436518729C89DA6008B57C6 /* ChecklistsTests.swift */ = {isa = PBXFileReference; lastKnownFileType = sourcecode.swift; path = ChecklistsTests.swift; sourceTree = "<group>"; };
		0436518D29C89DA6008B57C6 /* ChecklistsUITests.xctest */ = {isa = PBXFileReference; explicitFileType = wrapper.cfbundle; includeInIndex = 0; path = ChecklistsUITests.xctest; sourceTree = BUILT_PRODUCTS_DIR; };
		0436519129C89DA6008B57C6 /* ChecklistsUITests.swift */ = {isa = PBXFileReference; lastKnownFileType = sourcecode.swift; path = ChecklistsUITests.swift; sourceTree = "<group>"; };
		0436519329C89DA6008B57C6 /* ChecklistsUITestsLaunchTests.swift */ = {isa = PBXFileReference; lastKnownFileType = sourcecode.swift; path = ChecklistsUITestsLaunchTests.swift; sourceTree = "<group>"; };
		0474B17929CC98E3006B8E1F /* RowView.swift */ = {isa = PBXFileReference; lastKnownFileType = sourcecode.swift; path = RowView.swift; sourceTree = "<group>"; };
		0474B17B29CC9ABC006B8E1F /* EditChecklistItemView.swift */ = {isa = PBXFileReference; lastKnownFileType = sourcecode.swift; path = EditChecklistItemView.swift; sourceTree = "<group>"; };
		04C49DA429CB38A20042E04B /* Checklist.swift */ = {isa = PBXFileReference; lastKnownFileType = sourcecode.swift; path = Checklist.swift; sourceTree = "<group>"; };
		04C49DA629CB39C90042E04B /* ChecklistItem.swift */ = {isa = PBXFileReference; lastKnownFileType = sourcecode.swift; path = ChecklistItem.swift; sourceTree = "<group>"; };
		04C49DA929CB4B860042E04B /* SplashView.swift */ = {isa = PBXFileReference; lastKnownFileType = sourcecode.swift; path = SplashView.swift; sourceTree = "<group>"; };
		119C7ECF29CC4C9200CF00F0 /* NewChecklistItemView.swift */ = {isa = PBXFileReference; lastKnownFileType = sourcecode.swift; path = NewChecklistItemView.swift; sourceTree = "<group>"; };
/* End PBXFileReference section */

/* Begin PBXFrameworksBuildPhase section */
		0436517029C89DA3008B57C6 /* Frameworks */ = {
			isa = PBXFrameworksBuildPhase;
			buildActionMask = 2147483647;
			files = (
			);
			runOnlyForDeploymentPostprocessing = 0;
		};
		0436518029C89DA6008B57C6 /* Frameworks */ = {
			isa = PBXFrameworksBuildPhase;
			buildActionMask = 2147483647;
			files = (
			);
			runOnlyForDeploymentPostprocessing = 0;
		};
		0436518A29C89DA6008B57C6 /* Frameworks */ = {
			isa = PBXFrameworksBuildPhase;
			buildActionMask = 2147483647;
			files = (
			);
			runOnlyForDeploymentPostprocessing = 0;
		};
/* End PBXFrameworksBuildPhase section */

/* Begin PBXGroup section */
		0436516A29C89DA3008B57C6 = {
			isa = PBXGroup;
			children = (
				0436517529C89DA3008B57C6 /* Checklists */,
				0436518629C89DA6008B57C6 /* ChecklistsTests */,
				0436519029C89DA6008B57C6 /* ChecklistsUITests */,
				0436517429C89DA3008B57C6 /* Products */,
			);
			sourceTree = "<group>";
		};
		0436517429C89DA3008B57C6 /* Products */ = {
			isa = PBXGroup;
			children = (
				0436517329C89DA3008B57C6 /* Checklists.app */,
				0436518329C89DA6008B57C6 /* ChecklistsTests.xctest */,
				0436518D29C89DA6008B57C6 /* ChecklistsUITests.xctest */,
			);
			name = Products;
			sourceTree = "<group>";
		};
		0436517529C89DA3008B57C6 /* Checklists */ = {
			isa = PBXGroup;
			children = (
				0436517629C89DA3008B57C6 /* ChecklistsApp.swift */,
				0436517829C89DA3008B57C6 /* CheckListView.swift */,
				0436517A29C89DA5008B57C6 /* Assets.xcassets */,
				0436517C29C89DA6008B57C6 /* Preview Content */,
				04C49DA429CB38A20042E04B /* Checklist.swift */,
				04C49DA629CB39C90042E04B /* ChecklistItem.swift */,
				04C49DA929CB4B860042E04B /* SplashView.swift */,
				119C7ECF29CC4C9200CF00F0 /* NewChecklistItemView.swift */,
				0474B17929CC98E3006B8E1F /* RowView.swift */,
				0474B17B29CC9ABC006B8E1F /* EditChecklistItemView.swift */,
			);
			path = Checklists;
			sourceTree = "<group>";
		};
		0436517C29C89DA6008B57C6 /* Preview Content */ = {
			isa = PBXGroup;
			children = (
				0436517D29C89DA6008B57C6 /* Preview Assets.xcassets */,
			);
			path = "Preview Content";
			sourceTree = "<group>";
		};
		0436518629C89DA6008B57C6 /* ChecklistsTests */ = {
			isa = PBXGroup;
			children = (
				0436518729C89DA6008B57C6 /* ChecklistsTests.swift */,
			);
			path = ChecklistsTests;
			sourceTree = "<group>";
		};
		0436519029C89DA6008B57C6 /* ChecklistsUITests */ = {
			isa = PBXGroup;
			children = (
				0436519129C89DA6008B57C6 /* ChecklistsUITests.swift */,
				0436519329C89DA6008B57C6 /* ChecklistsUITestsLaunchTests.swift */,
			);
			path = ChecklistsUITests;
			sourceTree = "<group>";
		};
/* End PBXGroup section */

/* Begin PBXNativeTarget section */
		0436517229C89DA3008B57C6 /* Checklists */ = {
			isa = PBXNativeTarget;
			buildConfigurationList = 0436519729C89DA6008B57C6 /* Build configuration list for PBXNativeTarget "Checklists" */;
			buildPhases = (
				0436516F29C89DA3008B57C6 /* Sources */,
				0436517029C89DA3008B57C6 /* Frameworks */,
				0436517129C89DA3008B57C6 /* Resources */,
			);
			buildRules = (
			);
			dependencies = (
			);
			name = Checklists;
			productName = Checklists;
			productReference = 0436517329C89DA3008B57C6 /* Checklists.app */;
			productType = "com.apple.product-type.application";
		};
		0436518229C89DA6008B57C6 /* ChecklistsTests */ = {
			isa = PBXNativeTarget;
			buildConfigurationList = 0436519A29C89DA6008B57C6 /* Build configuration list for PBXNativeTarget "ChecklistsTests" */;
			buildPhases = (
				0436517F29C89DA6008B57C6 /* Sources */,
				0436518029C89DA6008B57C6 /* Frameworks */,
				0436518129C89DA6008B57C6 /* Resources */,
			);
			buildRules = (
			);
			dependencies = (
				0436518529C89DA6008B57C6 /* PBXTargetDependency */,
			);
			name = ChecklistsTests;
			productName = ChecklistsTests;
			productReference = 0436518329C89DA6008B57C6 /* ChecklistsTests.xctest */;
			productType = "com.apple.product-type.bundle.unit-test";
		};
		0436518C29C89DA6008B57C6 /* ChecklistsUITests */ = {
			isa = PBXNativeTarget;
			buildConfigurationList = 0436519D29C89DA6008B57C6 /* Build configuration list for PBXNativeTarget "ChecklistsUITests" */;
			buildPhases = (
				0436518929C89DA6008B57C6 /* Sources */,
				0436518A29C89DA6008B57C6 /* Frameworks */,
				0436518B29C89DA6008B57C6 /* Resources */,
			);
			buildRules = (
			);
			dependencies = (
				0436518F29C89DA6008B57C6 /* PBXTargetDependency */,
			);
			name = ChecklistsUITests;
			productName = ChecklistsUITests;
			productReference = 0436518D29C89DA6008B57C6 /* ChecklistsUITests.xctest */;
			productType = "com.apple.product-type.bundle.ui-testing";
		};
/* End PBXNativeTarget section */

/* Begin PBXProject section */
		0436516B29C89DA3008B57C6 /* Project object */ = {
			isa = PBXProject;
			attributes = {
				BuildIndependentTargetsInParallel = 1;
				LastSwiftUpdateCheck = 1420;
				LastUpgradeCheck = 1420;
				TargetAttributes = {
					0436517229C89DA3008B57C6 = {
						CreatedOnToolsVersion = 14.2;
					};
					0436518229C89DA6008B57C6 = {
						CreatedOnToolsVersion = 14.2;
						TestTargetID = 0436517229C89DA3008B57C6;
					};
					0436518C29C89DA6008B57C6 = {
						CreatedOnToolsVersion = 14.2;
						TestTargetID = 0436517229C89DA3008B57C6;
					};
				};
			};
			buildConfigurationList = 0436516E29C89DA3008B57C6 /* Build configuration list for PBXProject "Checklists" */;
			compatibilityVersion = "Xcode 14.0";
			developmentRegion = en;
			hasScannedForEncodings = 0;
			knownRegions = (
				en,
				Base,
			);
			mainGroup = 0436516A29C89DA3008B57C6;
			productRefGroup = 0436517429C89DA3008B57C6 /* Products */;
			projectDirPath = "";
			projectRoot = "";
			targets = (
				0436517229C89DA3008B57C6 /* Checklists */,
				0436518229C89DA6008B57C6 /* ChecklistsTests */,
				0436518C29C89DA6008B57C6 /* ChecklistsUITests */,
			);
		};
/* End PBXProject section */

/* Begin PBXResourcesBuildPhase section */
		0436517129C89DA3008B57C6 /* Resources */ = {
			isa = PBXResourcesBuildPhase;
			buildActionMask = 2147483647;
			files = (
				0436517E29C89DA6008B57C6 /* Preview Assets.xcassets in Resources */,
				0436517B29C89DA6008B57C6 /* Assets.xcassets in Resources */,
			);
			runOnlyForDeploymentPostprocessing = 0;
		};
		0436518129C89DA6008B57C6 /* Resources */ = {
			isa = PBXResourcesBuildPhase;
			buildActionMask = 2147483647;
			files = (
			);
			runOnlyForDeploymentPostprocessing = 0;
		};
		0436518B29C89DA6008B57C6 /* Resources */ = {
			isa = PBXResourcesBuildPhase;
			buildActionMask = 2147483647;
			files = (
			);
			runOnlyForDeploymentPostprocessing = 0;
		};
/* End PBXResourcesBuildPhase section */

/* Begin PBXSourcesBuildPhase section */
		0436516F29C89DA3008B57C6 /* Sources */ = {
			isa = PBXSourcesBuildPhase;
			buildActionMask = 2147483647;
			files = (
				0474B17C29CC9ABC006B8E1F /* EditChecklistItemView.swift in Sources */,
				0436517929C89DA3008B57C6 /* CheckListView.swift in Sources */,
				119C7ED029CC4C9200CF00F0 /* NewChecklistItemView.swift in Sources */,
				0474B17A29CC98E3006B8E1F /* RowView.swift in Sources */,
				0436517729C89DA3008B57C6 /* ChecklistsApp.swift in Sources */,
				04C49DAA29CB4B860042E04B /* SplashView.swift in Sources */,
				04C49DA529CB38A20042E04B /* Checklist.swift in Sources */,
				04C49DA729CB39C90042E04B /* ChecklistItem.swift in Sources */,
			);
			runOnlyForDeploymentPostprocessing = 0;
		};
		0436517F29C89DA6008B57C6 /* Sources */ = {
			isa = PBXSourcesBuildPhase;
			buildActionMask = 2147483647;
			files = (
				0436518829C89DA6008B57C6 /* ChecklistsTests.swift in Sources */,
			);
			runOnlyForDeploymentPostprocessing = 0;
		};
		0436518929C89DA6008B57C6 /* Sources */ = {
			isa = PBXSourcesBuildPhase;
			buildActionMask = 2147483647;
			files = (
				0436519229C89DA6008B57C6 /* ChecklistsUITests.swift in Sources */,
				0436519429C89DA6008B57C6 /* ChecklistsUITestsLaunchTests.swift in Sources */,
			);
			runOnlyForDeploymentPostprocessing = 0;
		};
/* End PBXSourcesBuildPhase section */

/* Begin PBXTargetDependency section */
		0436518529C89DA6008B57C6 /* PBXTargetDependency */ = {
			isa = PBXTargetDependency;
			target = 0436517229C89DA3008B57C6 /* Checklists */;
			targetProxy = 0436518429C89DA6008B57C6 /* PBXContainerItemProxy */;
		};
		0436518F29C89DA6008B57C6 /* PBXTargetDependency */ = {
			isa = PBXTargetDependency;
			target = 0436517229C89DA3008B57C6 /* Checklists */;
			targetProxy = 0436518E29C89DA6008B57C6 /* PBXContainerItemProxy */;
		};
/* End PBXTargetDependency section */

/* Begin XCBuildConfiguration section */
		0436519529C89DA6008B57C6 /* Debug */ = {
			isa = XCBuildConfiguration;
			buildSettings = {
				ALWAYS_SEARCH_USER_PATHS = NO;
				CLANG_ANALYZER_NONNULL = YES;
				CLANG_ANALYZER_NUMBER_OBJECT_CONVERSION = YES_AGGRESSIVE;
				CLANG_CXX_LANGUAGE_STANDARD = "gnu++20";
				CLANG_ENABLE_MODULES = YES;
				CLANG_ENABLE_OBJC_ARC = YES;
				CLANG_ENABLE_OBJC_WEAK = YES;
				CLANG_WARN_BLOCK_CAPTURE_AUTORELEASING = YES;
				CLANG_WARN_BOOL_CONVERSION = YES;
				CLANG_WARN_COMMA = YES;
				CLANG_WARN_CONSTANT_CONVERSION = YES;
				CLANG_WARN_DEPRECATED_OBJC_IMPLEMENTATIONS = YES;
				CLANG_WARN_DIRECT_OBJC_ISA_USAGE = YES_ERROR;
				CLANG_WARN_DOCUMENTATION_COMMENTS = YES;
				CLANG_WARN_EMPTY_BODY = YES;
				CLANG_WARN_ENUM_CONVERSION = YES;
				CLANG_WARN_INFINITE_RECURSION = YES;
				CLANG_WARN_INT_CONVERSION = YES;
				CLANG_WARN_NON_LITERAL_NULL_CONVERSION = YES;
				CLANG_WARN_OBJC_IMPLICIT_RETAIN_SELF = YES;
				CLANG_WARN_OBJC_LITERAL_CONVERSION = YES;
				CLANG_WARN_OBJC_ROOT_CLASS = YES_ERROR;
				CLANG_WARN_QUOTED_INCLUDE_IN_FRAMEWORK_HEADER = YES;
				CLANG_WARN_RANGE_LOOP_ANALYSIS = YES;
				CLANG_WARN_STRICT_PROTOTYPES = YES;
				CLANG_WARN_SUSPICIOUS_MOVE = YES;
				CLANG_WARN_UNGUARDED_AVAILABILITY = YES_AGGRESSIVE;
				CLANG_WARN_UNREACHABLE_CODE = YES;
				CLANG_WARN__DUPLICATE_METHOD_MATCH = YES;
				COPY_PHASE_STRIP = NO;
				DEBUG_INFORMATION_FORMAT = dwarf;
				ENABLE_STRICT_OBJC_MSGSEND = YES;
				ENABLE_TESTABILITY = YES;
				GCC_C_LANGUAGE_STANDARD = gnu11;
				GCC_DYNAMIC_NO_PIC = NO;
				GCC_NO_COMMON_BLOCKS = YES;
				GCC_OPTIMIZATION_LEVEL = 0;
				GCC_PREPROCESSOR_DEFINITIONS = (
					"DEBUG=1",
					"$(inherited)",
				);
				GCC_WARN_64_TO_32_BIT_CONVERSION = YES;
				GCC_WARN_ABOUT_RETURN_TYPE = YES_ERROR;
				GCC_WARN_UNDECLARED_SELECTOR = YES;
				GCC_WARN_UNINITIALIZED_AUTOS = YES_AGGRESSIVE;
				GCC_WARN_UNUSED_FUNCTION = YES;
				GCC_WARN_UNUSED_VARIABLE = YES;
				IPHONEOS_DEPLOYMENT_TARGET = 16.2;
				MTL_ENABLE_DEBUG_INFO = INCLUDE_SOURCE;
				MTL_FAST_MATH = YES;
				ONLY_ACTIVE_ARCH = YES;
				SDKROOT = iphoneos;
				SWIFT_ACTIVE_COMPILATION_CONDITIONS = DEBUG;
				SWIFT_OPTIMIZATION_LEVEL = "-Onone";
			};
			name = Debug;
		};
		0436519629C89DA6008B57C6 /* Release */ = {
			isa = XCBuildConfiguration;
			buildSettings = {
				ALWAYS_SEARCH_USER_PATHS = NO;
				CLANG_ANALYZER_NONNULL = YES;
				CLANG_ANALYZER_NUMBER_OBJECT_CONVERSION = YES_AGGRESSIVE;
				CLANG_CXX_LANGUAGE_STANDARD = "gnu++20";
				CLANG_ENABLE_MODULES = YES;
				CLANG_ENABLE_OBJC_ARC = YES;
				CLANG_ENABLE_OBJC_WEAK = YES;
				CLANG_WARN_BLOCK_CAPTURE_AUTORELEASING = YES;
				CLANG_WARN_BOOL_CONVERSION = YES;
				CLANG_WARN_COMMA = YES;
				CLANG_WARN_CONSTANT_CONVERSION = YES;
				CLANG_WARN_DEPRECATED_OBJC_IMPLEMENTATIONS = YES;
				CLANG_WARN_DIRECT_OBJC_ISA_USAGE = YES_ERROR;
				CLANG_WARN_DOCUMENTATION_COMMENTS = YES;
				CLANG_WARN_EMPTY_BODY = YES;
				CLANG_WARN_ENUM_CONVERSION = YES;
				CLANG_WARN_INFINITE_RECURSION = YES;
				CLANG_WARN_INT_CONVERSION = YES;
				CLANG_WARN_NON_LITERAL_NULL_CONVERSION = YES;
				CLANG_WARN_OBJC_IMPLICIT_RETAIN_SELF = YES;
				CLANG_WARN_OBJC_LITERAL_CONVERSION = YES;
				CLANG_WARN_OBJC_ROOT_CLASS = YES_ERROR;
				CLANG_WARN_QUOTED_INCLUDE_IN_FRAMEWORK_HEADER = YES;
				CLANG_WARN_RANGE_LOOP_ANALYSIS = YES;
				CLANG_WARN_STRICT_PROTOTYPES = YES;
				CLANG_WARN_SUSPICIOUS_MOVE = YES;
				CLANG_WARN_UNGUARDED_AVAILABILITY = YES_AGGRESSIVE;
				CLANG_WARN_UNREACHABLE_CODE = YES;
				CLANG_WARN__DUPLICATE_METHOD_MATCH = YES;
				COPY_PHASE_STRIP = NO;
				DEBUG_INFORMATION_FORMAT = "dwarf-with-dsym";
				ENABLE_NS_ASSERTIONS = NO;
				ENABLE_STRICT_OBJC_MSGSEND = YES;
				GCC_C_LANGUAGE_STANDARD = gnu11;
				GCC_NO_COMMON_BLOCKS = YES;
				GCC_WARN_64_TO_32_BIT_CONVERSION = YES;
				GCC_WARN_ABOUT_RETURN_TYPE = YES_ERROR;
				GCC_WARN_UNDECLARED_SELECTOR = YES;
				GCC_WARN_UNINITIALIZED_AUTOS = YES_AGGRESSIVE;
				GCC_WARN_UNUSED_FUNCTION = YES;
				GCC_WARN_UNUSED_VARIABLE = YES;
				IPHONEOS_DEPLOYMENT_TARGET = 16.2;
				MTL_ENABLE_DEBUG_INFO = NO;
				MTL_FAST_MATH = YES;
				SDKROOT = iphoneos;
				SWIFT_COMPILATION_MODE = wholemodule;
				SWIFT_OPTIMIZATION_LEVEL = "-O";
				VALIDATE_PRODUCT = YES;
			};
			name = Release;
		};
		0436519829C89DA6008B57C6 /* Debug */ = {
			isa = XCBuildConfiguration;
			buildSettings = {
				ASSETCATALOG_COMPILER_APPICON_NAME = AppIcon;
				ASSETCATALOG_COMPILER_GLOBAL_ACCENT_COLOR_NAME = AccentColor;
				CODE_SIGN_STYLE = Automatic;
				CURRENT_PROJECT_VERSION = 1;
				DEVELOPMENT_ASSET_PATHS = "\"Checklists/Preview Content\"";
				DEVELOPMENT_TEAM = M753Z287XC;
				ENABLE_PREVIEWS = YES;
				GENERATE_INFOPLIST_FILE = YES;
				INFOPLIST_KEY_UIApplicationSceneManifest_Generation = YES;
				INFOPLIST_KEY_UIApplicationSupportsIndirectInputEvents = YES;
				INFOPLIST_KEY_UILaunchScreen_Generation = YES;
				INFOPLIST_KEY_UISupportedInterfaceOrientations_iPad = "UIInterfaceOrientationPortrait UIInterfaceOrientationPortraitUpsideDown UIInterfaceOrientationLandscapeLeft UIInterfaceOrientationLandscapeRight";
				INFOPLIST_KEY_UISupportedInterfaceOrientations_iPhone = "UIInterfaceOrientationPortrait UIInterfaceOrientationLandscapeLeft UIInterfaceOrientationLandscapeRight";
				LD_RUNPATH_SEARCH_PATHS = (
					"$(inherited)",
					"@executable_path/Frameworks",
				);
				MARKETING_VERSION = 1.0;
				PRODUCT_BUNDLE_IDENTIFIER = com.hu.Checklists;
				PRODUCT_NAME = "$(TARGET_NAME)";
				SWIFT_EMIT_LOC_STRINGS = YES;
				SWIFT_VERSION = 5.0;
				TARGETED_DEVICE_FAMILY = "1,2";
			};
			name = Debug;
		};
		0436519929C89DA6008B57C6 /* Release */ = {
			isa = XCBuildConfiguration;
			buildSettings = {
				ASSETCATALOG_COMPILER_APPICON_NAME = AppIcon;
				ASSETCATALOG_COMPILER_GLOBAL_ACCENT_COLOR_NAME = AccentColor;
				CODE_SIGN_STYLE = Automatic;
				CURRENT_PROJECT_VERSION = 1;
				DEVELOPMENT_ASSET_PATHS = "\"Checklists/Preview Content\"";
				DEVELOPMENT_TEAM = M753Z287XC;
				ENABLE_PREVIEWS = YES;
				GENERATE_INFOPLIST_FILE = YES;
				INFOPLIST_KEY_UIApplicationSceneManifest_Generation = YES;
				INFOPLIST_KEY_UIApplicationSupportsIndirectInputEvents = YES;
				INFOPLIST_KEY_UILaunchScreen_Generation = YES;
				INFOPLIST_KEY_UISupportedInterfaceOrientations_iPad = "UIInterfaceOrientationPortrait UIInterfaceOrientationPortraitUpsideDown UIInterfaceOrientationLandscapeLeft UIInterfaceOrientationLandscapeRight";
				INFOPLIST_KEY_UISupportedInterfaceOrientations_iPhone = "UIInterfaceOrientationPortrait UIInterfaceOrientationLandscapeLeft UIInterfaceOrientationLandscapeRight";
				LD_RUNPATH_SEARCH_PATHS = (
					"$(inherited)",
					"@executable_path/Frameworks",
				);
				MARKETING_VERSION = 1.0;
				PRODUCT_BUNDLE_IDENTIFIER = com.hu.Checklists;
				PRODUCT_NAME = "$(TARGET_NAME)";
				SWIFT_EMIT_LOC_STRINGS = YES;
				SWIFT_VERSION = 5.0;
				TARGETED_DEVICE_FAMILY = "1,2";
			};
			name = Release;
		};
		0436519B29C89DA6008B57C6 /* Debug */ = {
			isa = XCBuildConfiguration;
			buildSettings = {
				ALWAYS_EMBED_SWIFT_STANDARD_LIBRARIES = YES;
				BUNDLE_LOADER = "$(TEST_HOST)";
				CODE_SIGN_STYLE = Automatic;
				CURRENT_PROJECT_VERSION = 1;
				DEVELOPMENT_TEAM = M753Z287XC;
				GENERATE_INFOPLIST_FILE = YES;
				IPHONEOS_DEPLOYMENT_TARGET = 16.2;
				MARKETING_VERSION = 1.0;
				PRODUCT_BUNDLE_IDENTIFIER = com.hu.ChecklistsTests;
				PRODUCT_NAME = "$(TARGET_NAME)";
				SWIFT_EMIT_LOC_STRINGS = NO;
				SWIFT_VERSION = 5.0;
				TARGETED_DEVICE_FAMILY = "1,2";
				TEST_HOST = "$(BUILT_PRODUCTS_DIR)/Checklists.app/$(BUNDLE_EXECUTABLE_FOLDER_PATH)/Checklists";
			};
			name = Debug;
		};
		0436519C29C89DA6008B57C6 /* Release */ = {
			isa = XCBuildConfiguration;
			buildSettings = {
				ALWAYS_EMBED_SWIFT_STANDARD_LIBRARIES = YES;
				BUNDLE_LOADER = "$(TEST_HOST)";
				CODE_SIGN_STYLE = Automatic;
				CURRENT_PROJECT_VERSION = 1;
				DEVELOPMENT_TEAM = M753Z287XC;
				GENERATE_INFOPLIST_FILE = YES;
				IPHONEOS_DEPLOYMENT_TARGET = 16.2;
				MARKETING_VERSION = 1.0;
				PRODUCT_BUNDLE_IDENTIFIER = com.hu.ChecklistsTests;
				PRODUCT_NAME = "$(TARGET_NAME)";
				SWIFT_EMIT_LOC_STRINGS = NO;
				SWIFT_VERSION = 5.0;
				TARGETED_DEVICE_FAMILY = "1,2";
				TEST_HOST = "$(BUILT_PRODUCTS_DIR)/Checklists.app/$(BUNDLE_EXECUTABLE_FOLDER_PATH)/Checklists";
			};
			name = Release;
		};
		0436519E29C89DA6008B57C6 /* Debug */ = {
			isa = XCBuildConfiguration;
			buildSettings = {
				ALWAYS_EMBED_SWIFT_STANDARD_LIBRARIES = YES;
				CODE_SIGN_STYLE = Automatic;
				CURRENT_PROJECT_VERSION = 1;
				DEVELOPMENT_TEAM = M753Z287XC;
				GENERATE_INFOPLIST_FILE = YES;
				MARKETING_VERSION = 1.0;
				PRODUCT_BUNDLE_IDENTIFIER = com.hu.ChecklistsUITests;
				PRODUCT_NAME = "$(TARGET_NAME)";
				SWIFT_EMIT_LOC_STRINGS = NO;
				SWIFT_VERSION = 5.0;
				TARGETED_DEVICE_FAMILY = "1,2";
				TEST_TARGET_NAME = Checklists;
			};
			name = Debug;
		};
		0436519F29C89DA6008B57C6 /* Release */ = {
			isa = XCBuildConfiguration;
			buildSettings = {
				ALWAYS_EMBED_SWIFT_STANDARD_LIBRARIES = YES;
				CODE_SIGN_STYLE = Automatic;
				CURRENT_PROJECT_VERSION = 1;
				DEVELOPMENT_TEAM = M753Z287XC;
				GENERATE_INFOPLIST_FILE = YES;
				MARKETING_VERSION = 1.0;
				PRODUCT_BUNDLE_IDENTIFIER = com.hu.ChecklistsUITests;
				PRODUCT_NAME = "$(TARGET_NAME)";
				SWIFT_EMIT_LOC_STRINGS = NO;
				SWIFT_VERSION = 5.0;
				TARGETED_DEVICE_FAMILY = "1,2";
				TEST_TARGET_NAME = Checklists;
			};
			name = Release;
		};
/* End XCBuildConfiguration section */

/* Begin XCConfigurationList section */
		0436516E29C89DA3008B57C6 /* Build configuration list for PBXProject "Checklists" */ = {
			isa = XCConfigurationList;
			buildConfigurations = (
				0436519529C89DA6008B57C6 /* Debug */,
				0436519629C89DA6008B57C6 /* Release */,
			);
			defaultConfigurationIsVisible = 0;
			defaultConfigurationName = Release;
		};
		0436519729C89DA6008B57C6 /* Build configuration list for PBXNativeTarget "Checklists" */ = {
			isa = XCConfigurationList;
			buildConfigurations = (
				0436519829C89DA6008B57C6 /* Debug */,
				0436519929C89DA6008B57C6 /* Release */,
			);
			defaultConfigurationIsVisible = 0;
			defaultConfigurationName = Release;
		};
		0436519A29C89DA6008B57C6 /* Build configuration list for PBXNativeTarget "ChecklistsTests" */ = {
			isa = XCConfigurationList;
			buildConfigurations = (
				0436519B29C89DA6008B57C6 /* Debug */,
				0436519C29C89DA6008B57C6 /* Release */,
			);
			defaultConfigurationIsVisible = 0;
			defaultConfigurationName = Release;
		};
		0436519D29C89DA6008B57C6 /* Build configuration list for PBXNativeTarget "ChecklistsUITests" */ = {
			isa = XCConfigurationList;
			buildConfigurations = (
				0436519E29C89DA6008B57C6 /* Debug */,
				0436519F29C89DA6008B57C6 /* Release */,
			);
			defaultConfigurationIsVisible = 0;
			defaultConfigurationName = Release;
		};
/* End XCConfigurationList section */
	};
	rootObject = 0436516B29C89DA3008B57C6 /* Project object */;
}
